{
  "name": "database",
  "lockfileVersion": 2,
  "requires": true,
  "packages": {
    "": {
      "dependencies": {
        "@prisma/client": "^4.11.0"
      },
      "devDependencies": {
        "prisma": "^4.11.0"
      }
    },
    "node_modules/@prisma/client": {
      "version": "4.13.0",
      "resolved": "https://registry.npmjs.org/@prisma/client/-/client-4.13.0.tgz",
      "integrity": "sha512-YaiiICcRB2hatxsbnfB66uWXjcRw3jsZdlAVxmx0cFcTc/Ad/sKdHCcWSnqyDX47vAewkjRFwiLwrOUjswVvmA==",
      "hasInstallScript": true,
      "dependencies": {
        "@prisma/engines-version": "4.13.0-50.1e7af066ee9cb95cf3a403c78d9aab3e6b04f37a"
      },
      "engines": {
        "node": ">=14.17"
      },
      "peerDependencies": {
        "prisma": "*"
      },
      "peerDependenciesMeta": {
        "prisma": {
          "optional": true
        }
      }
    },
    "node_modules/@prisma/engines": {
      "version": "4.13.0",
      "resolved": "https://registry.npmjs.org/@prisma/engines/-/engines-4.13.0.tgz",
      "integrity": "sha512-HrniowHRZXHuGT9XRgoXEaP2gJLXM5RMoItaY2PkjvuZ+iHc0Zjbm/302MB8YsPdWozAPHHn+jpFEcEn71OgPw==",
      "devOptional": true,
      "hasInstallScript": true
    },
    "node_modules/@prisma/engines-version": {
      "version": "4.13.0-50.1e7af066ee9cb95cf3a403c78d9aab3e6b04f37a",
      "resolved": "https://registry.npmjs.org/@prisma/engines-version/-/engines-version-4.13.0-50.1e7af066ee9cb95cf3a403c78d9aab3e6b04f37a.tgz",
      "integrity": "sha512-fsQlbkhPJf08JOzKoyoD9atdUijuGBekwoOPZC3YOygXEml1MTtgXVpnUNchQlRSY82OQ6pSGQ9PxUe4arcSLQ=="
    },
    "node_modules/prisma": {
      "version": "4.13.0",
      "resolved": "https://registry.npmjs.org/prisma/-/prisma-4.13.0.tgz",
      "integrity": "sha512-L9mqjnSmvWIRCYJ9mQkwCtj4+JDYYTdhoyo8hlsHNDXaZLh/b4hR0IoKIBbTKxZuyHQzLopb/+0Rvb69uGV7uA==",
      "devOptional": true,
      "hasInstallScript": true,
      "dependencies": {
        "@prisma/engines": "4.13.0"
      },
      "bin": {
        "prisma": "build/index.js",
        "prisma2": "build/index.js"
      },
      "engines": {
        "node": ">=14.17"
      }
    }
  },
  "dependencies": {
    "@prisma/client": {
      "version": "4.13.0",
      "resolved": "https://registry.npmjs.org/@prisma/client/-/client-4.13.0.tgz",
      "integrity": "sha512-YaiiICcRB2hatxsbnfB66uWXjcRw3jsZdlAVxmx0cFcTc/Ad/sKdHCcWSnqyDX47vAewkjRFwiLwrOUjswVvmA==",
      "requires": {
        "@prisma/engines-version": "4.13.0-50.1e7af066ee9cb95cf3a403c78d9aab3e6b04f37a"
      }
    },
    "@prisma/engines": {
      "version": "4.13.0",
      "resolved": "https://registry.npmjs.org/@prisma/engines/-/engines-4.13.0.tgz",
      "integrity": "sha512-HrniowHRZXHuGT9XRgoXEaP2gJLXM5RMoItaY2PkjvuZ+iHc0Zjbm/302MB8YsPdWozAPHHn+jpFEcEn71OgPw==",
      "devOptional": true
    },
    "@prisma/engines-version": {
      "version": "4.13.0-50.1e7af066ee9cb95cf3a403c78d9aab3e6b04f37a",
      "resolved": "https://registry.npmjs.org/@prisma/engines-version/-/engines-version-4.13.0-50.1e7af066ee9cb95cf3a403c78d9aab3e6b04f37a.tgz",
      "integrity": "sha512-fsQlbkhPJf08JOzKoyoD9atdUijuGBekwoOPZC3YOygXEml1MTtgXVpnUNchQlRSY82OQ6pSGQ9PxUe4arcSLQ=="
    },
    "prisma": {
      "version": "4.13.0",
      "resolved": "https://registry.npmjs.org/prisma/-/prisma-4.13.0.tgz",
      "integrity": "sha512-L9mqjnSmvWIRCYJ9mQkwCtj4+JDYYTdhoyo8hlsHNDXaZLh/b4hR0IoKIBbTKxZuyHQzLopb/+0Rvb69uGV7uA==",
      "devOptional": true,
      "requires": {
        "@prisma/engines": "4.13.0"
      }
    }
  }
}
